
Microsoft Visual Studio Solution File, Format Version 12.00
# Visual Studio Version 17
VisualStudioVersion = 17.14.36414.22 d17.14
MinimumVisualStudioVersion = 10.0.40219.1
Project("{FAE04EC0-301F-11D3-BF4B-00C04F79EFBC}") = "Main", "Main\Main.csproj", "{2D803285-FDD2-4036-9773-BE0F78262E76}"
EndProject
Global
	GlobalSection(SolutionConfigurationPlatforms) = preSolution
		Debug|Any CPU = Debug|Any CPU
		Release|Any CPU = Release|Any CPU
	EndGlobalSection
	GlobalSection(ProjectConfigurationPlatforms) = postSolution
		{2D803285-FDD2-4036-9773-BE0F78262E76}.Debug|Any CPU.ActiveCfg = Debug|Any CPU
		{2D803285-FDD2-4036-9773-BE0F78262E76}.Debug|Any CPU.Build.0 = Debug|Any CPU
		{2D803285-FDD2-4036-9773-BE0F78262E76}.Release|Any CPU.ActiveCfg = Release|Any CPU
		{2D803285-FDD2-4036-9773-BE0F78262E76}.Release|Any CPU.Build.0 = Release|Any CPU
	EndGlobalSection
	GlobalSection(SolutionProperties) = preSolution
		HideSolutionNode = FALSE
	EndGlobalSection
	GlobalSection(ExtensibilityGlobals) = postSolution
		SolutionGuid = {E1D4149B-A71A-4334-A9C6-A20B2659C52B}
	EndGlobalSection
EndGlobal
